// !$*UTF8*$!
{
	archiveVersion = 1;
	classes = {
	};
	objectVersion = 51;
	objects = {

/* Begin PBXBuildFile section */
		17061FE073A57124647D5975 /* Pods_MagellanExampleTests.framework in Frameworks */ = {isa = PBXBuildFile; fileRef = A3BA81BCD1B57884BA4E8D0B /* Pods_MagellanExampleTests.framework */; };
		1BED310D265D45A800BB0C65 /* ReviewDemo.swift in Sources */ = {isa = PBXBuildFile; fileRef = 1BED310C265D45A800BB0C65 /* ReviewDemo.swift */; };
		A831EC652F77C08E5DB8F62B /* Pods_MagellanExample.framework in Frameworks */ = {isa = PBXBuildFile; fileRef = 3D65D4FA8123FFAC561A0302 /* Pods_MagellanExample.framework */; };
		CECA0A4B2508C75F0070E9E0 /* ScheduleTests.swift in Sources */ = {isa = PBXBuildFile; fileRef = CECA0A4A2508C75F0070E9E0 /* ScheduleTests.swift */; };
		F819F83E2452E0BE00A6284F /* MapPresenterTests.swift in Sources */ = {isa = PBXBuildFile; fileRef = F819F83D2452E0BE00A6284F /* MapPresenterTests.swift */; };
		F819F8402452E42200A6284F /* MapListPresenterTests.swift in Sources */ = {isa = PBXBuildFile; fileRef = F819F83F2452E42200A6284F /* MapListPresenterTests.swift */; };
		F81E165224571BBC009C4AAD /* WorkingStatusTests.swift in Sources */ = {isa = PBXBuildFile; fileRef = F81E165124571BBC009C4AAD /* WorkingStatusTests.swift */; };
		F81F17FF247E5A7400B35A29 /* Sora-Bold.otf in Resources */ = {isa = PBXBuildFile; fileRef = F83BB63D247E582C00A3FD8F /* Sora-Bold.otf */; };
		F81F1800247E5A7B00B35A29 /* Sora-ExtraBold.otf in Resources */ = {isa = PBXBuildFile; fileRef = F83BB63C247E582C00A3FD8F /* Sora-ExtraBold.otf */; };
		F81F1801247E5A7B00B35A29 /* Sora-ExtraLight.otf in Resources */ = {isa = PBXBuildFile; fileRef = F83BB63B247E582C00A3FD8F /* Sora-ExtraLight.otf */; };
		F81F1802247E5A7B00B35A29 /* Sora-Light.otf in Resources */ = {isa = PBXBuildFile; fileRef = F83BB637247E582B00A3FD8F /* Sora-Light.otf */; };
		F81F1803247E5A7B00B35A29 /* Sora-Regular.otf in Resources */ = {isa = PBXBuildFile; fileRef = F83BB63A247E582B00A3FD8F /* Sora-Regular.otf */; };
		F81F1804247E5A7B00B35A29 /* Sora-SemiBold.otf in Resources */ = {isa = PBXBuildFile; fileRef = F83BB639247E582B00A3FD8F /* Sora-SemiBold.otf */; };
		F81F1805247E5A7B00B35A29 /* Sora-Thin.otf in Resources */ = {isa = PBXBuildFile; fileRef = F83BB638247E582B00A3FD8F /* Sora-Thin.otf */; };
		F82317752445D54F00D4B95F /* AppDelegate.swift in Sources */ = {isa = PBXBuildFile; fileRef = F82317742445D54F00D4B95F /* AppDelegate.swift */; };
		F82317792445D54F00D4B95F /* DemoViewController.swift in Sources */ = {isa = PBXBuildFile; fileRef = F82317782445D54F00D4B95F /* DemoViewController.swift */; };
		F823177E2445D55200D4B95F /* Assets.xcassets in Resources */ = {isa = PBXBuildFile; fileRef = F823177D2445D55200D4B95F /* Assets.xcassets */; };
		F82317812445D55200D4B95F /* LaunchScreen.storyboard in Resources */ = {isa = PBXBuildFile; fileRef = F823177F2445D55200D4B95F /* LaunchScreen.storyboard */; };
		F83422EE2448736400E0C685 /* DummyDemo.swift in Sources */ = {isa = PBXBuildFile; fileRef = F83422ED2448736400E0C685 /* DummyDemo.swift */; };
		F838F050244992A100F34627 /* NetworkResolver.swift in Sources */ = {isa = PBXBuildFile; fileRef = F838F04F244992A100F34627 /* NetworkResolver.swift */; };
		F838F0522449968600F34627 /* Mocks.swift in Sources */ = {isa = PBXBuildFile; fileRef = F838F0512449968600F34627 /* Mocks.swift */; };
		F838F055244997BB00F34627 /* types.json in Resources */ = {isa = PBXBuildFile; fileRef = F838F054244997BB00F34627 /* types.json */; };
		F838F057244997E100F34627 /* placeInfo.json in Resources */ = {isa = PBXBuildFile; fileRef = F838F056244997E100F34627 /* placeInfo.json */; };
		F838F0592449980E00F34627 /* placesList.json in Resources */ = {isa = PBXBuildFile; fileRef = F838F0582449980E00F34627 /* placesList.json */; };
		F83BB63F247E597E00A3FD8F /* DemoMagellanStyle.swift in Sources */ = {isa = PBXBuildFile; fileRef = F83BB63E247E597E00A3FD8F /* DemoMagellanStyle.swift */; };
		F83F50E42446053B001AD397 /* DemoFactoryProtocol.swift in Sources */ = {isa = PBXBuildFile; fileRef = F83F50E32446053B001AD397 /* DemoFactoryProtocol.swift */; };
		F8524D84245836E20091ED5F /* UIFont+Extensions.swift in Sources */ = {isa = PBXBuildFile; fileRef = F8524D83245836E20091ED5F /* UIFont+Extensions.swift */; };
		F85D275224812EB500C3B0BA /* CategoriesFilterPresenterTests.swift in Sources */ = {isa = PBXBuildFile; fileRef = F85D275124812EB500C3B0BA /* CategoriesFilterPresenterTests.swift */; };
		F86E8E3B245968940082219D /* MagellanPhoneFormatter.swift in Sources */ = {isa = PBXBuildFile; fileRef = F86E8E3A245968940082219D /* MagellanPhoneFormatter.swift */; };
		F87C950224460B5D008CE9F2 /* EmptyDemo.swift in Sources */ = {isa = PBXBuildFile; fileRef = F87C950124460B5D008CE9F2 /* EmptyDemo.swift */; };
		F87C950524460D84008CE9F2 /* EmptyViewController.swift in Sources */ = {isa = PBXBuildFile; fileRef = F87C950424460D84008CE9F2 /* EmptyViewController.swift */; };
		F8805F592450800F00C8BC30 /* AutoMockable.generated.swift in Sources */ = {isa = PBXBuildFile; fileRef = F8805F582450800E00C8BC30 /* AutoMockable.generated.swift */; };
		F8C0AF642450691B0024A8DC /* MagellanServiceTest.swift in Sources */ = {isa = PBXBuildFile; fileRef = F8C0AF632450691B0024A8DC /* MagellanServiceTest.swift */; };
		F8C0AF6624506DE70024A8DC /* fail.json in Resources */ = {isa = PBXBuildFile; fileRef = F8C0AF6524506DE70024A8DC /* fail.json */; };
		F8F0583E2451F530001FFEB4 /* GoogleService-Info.plist in Resources */ = {isa = PBXBuildFile; fileRef = F8F0583D2451F530001FFEB4 /* GoogleService-Info.plist */; };
		F8F238252451C39600E4945E /* LocationDetailPresenterTests.swift in Sources */ = {isa = PBXBuildFile; fileRef = F8F238242451C39600E4945E /* LocationDetailPresenterTests.swift */; };
		F8F238272451C92900E4945E /* GeoflashTests.swift in Sources */ = {isa = PBXBuildFile; fileRef = F8F238262451C92900E4945E /* GeoflashTests.swift */; };
/* End PBXBuildFile section */

/* Begin PBXContainerItemProxy section */
		F8B2027B2445D73500B449C9 /* PBXContainerItemProxy */ = {
			isa = PBXContainerItemProxy;
			containerPortal = F82317692445D54F00D4B95F /* Project object */;
			proxyType = 1;
			remoteGlobalIDString = F82317702445D54F00D4B95F;
			remoteInfo = MagellanExample;
		};
/* End PBXContainerItemProxy section */

/* Begin PBXFileReference section */
		1BED310C265D45A800BB0C65 /* ReviewDemo.swift */ = {isa = PBXFileReference; lastKnownFileType = sourcecode.swift; path = ReviewDemo.swift; sourceTree = "<group>"; };
		1F05751BAA6807A96A82B703 /* Pods-MagellanExample.release.xcconfig */ = {isa = PBXFileReference; includeInIndex = 1; lastKnownFileType = text.xcconfig; name = "Pods-MagellanExample.release.xcconfig"; path = "Target Support Files/Pods-MagellanExample/Pods-MagellanExample.release.xcconfig"; sourceTree = "<group>"; };
		2A211F64524CDB399C7F8579 /* Pods-MagellanExampleTests.debug.xcconfig */ = {isa = PBXFileReference; includeInIndex = 1; lastKnownFileType = text.xcconfig; name = "Pods-MagellanExampleTests.debug.xcconfig"; path = "Target Support Files/Pods-MagellanExampleTests/Pods-MagellanExampleTests.debug.xcconfig"; sourceTree = "<group>"; };
		2F15C4D9882F4AA2FBF60436 /* Pods-MagellanExampleTests.release.xcconfig */ = {isa = PBXFileReference; includeInIndex = 1; lastKnownFileType = text.xcconfig; name = "Pods-MagellanExampleTests.release.xcconfig"; path = "Target Support Files/Pods-MagellanExampleTests/Pods-MagellanExampleTests.release.xcconfig"; sourceTree = "<group>"; };
		3D65D4FA8123FFAC561A0302 /* Pods_MagellanExample.framework */ = {isa = PBXFileReference; explicitFileType = wrapper.framework; includeInIndex = 0; path = Pods_MagellanExample.framework; sourceTree = BUILT_PRODUCTS_DIR; };
		A3BA81BCD1B57884BA4E8D0B /* Pods_MagellanExampleTests.framework */ = {isa = PBXFileReference; explicitFileType = wrapper.framework; includeInIndex = 0; path = Pods_MagellanExampleTests.framework; sourceTree = BUILT_PRODUCTS_DIR; };
		CECA0A4A2508C75F0070E9E0 /* ScheduleTests.swift */ = {isa = PBXFileReference; lastKnownFileType = sourcecode.swift; path = ScheduleTests.swift; sourceTree = "<group>"; };
		E0AEDA81F225E2F5A1EF8364 /* Pods-MagellanExample.debug.xcconfig */ = {isa = PBXFileReference; includeInIndex = 1; lastKnownFileType = text.xcconfig; name = "Pods-MagellanExample.debug.xcconfig"; path = "Target Support Files/Pods-MagellanExample/Pods-MagellanExample.debug.xcconfig"; sourceTree = "<group>"; };
		F819F83D2452E0BE00A6284F /* MapPresenterTests.swift */ = {isa = PBXFileReference; lastKnownFileType = sourcecode.swift; path = MapPresenterTests.swift; sourceTree = "<group>"; };
		F819F83F2452E42200A6284F /* MapListPresenterTests.swift */ = {isa = PBXFileReference; lastKnownFileType = sourcecode.swift; path = MapListPresenterTests.swift; sourceTree = "<group>"; };
		F81E165124571BBC009C4AAD /* WorkingStatusTests.swift */ = {isa = PBXFileReference; lastKnownFileType = sourcecode.swift; path = WorkingStatusTests.swift; sourceTree = "<group>"; };
		F82317712445D54F00D4B95F /* MagellanExample.app */ = {isa = PBXFileReference; explicitFileType = wrapper.application; includeInIndex = 0; path = MagellanExample.app; sourceTree = BUILT_PRODUCTS_DIR; };
		F82317742445D54F00D4B95F /* AppDelegate.swift */ = {isa = PBXFileReference; lastKnownFileType = sourcecode.swift; path = AppDelegate.swift; sourceTree = "<group>"; };
		F82317782445D54F00D4B95F /* DemoViewController.swift */ = {isa = PBXFileReference; lastKnownFileType = sourcecode.swift; path = DemoViewController.swift; sourceTree = "<group>"; };
		F823177D2445D55200D4B95F /* Assets.xcassets */ = {isa = PBXFileReference; lastKnownFileType = folder.assetcatalog; path = Assets.xcassets; sourceTree = "<group>"; };
		F82317802445D55200D4B95F /* Base */ = {isa = PBXFileReference; lastKnownFileType = file.storyboard; name = Base; path = Base.lproj/LaunchScreen.storyboard; sourceTree = "<group>"; };
		F82317822445D55200D4B95F /* Info.plist */ = {isa = PBXFileReference; lastKnownFileType = text.plist.xml; path = Info.plist; sourceTree = "<group>"; };
		F83422ED2448736400E0C685 /* DummyDemo.swift */ = {isa = PBXFileReference; lastKnownFileType = sourcecode.swift; path = DummyDemo.swift; sourceTree = "<group>"; };
		F838F04F244992A100F34627 /* NetworkResolver.swift */ = {isa = PBXFileReference; lastKnownFileType = sourcecode.swift; path = NetworkResolver.swift; sourceTree = "<group>"; };
		F838F0512449968600F34627 /* Mocks.swift */ = {isa = PBXFileReference; lastKnownFileType = sourcecode.swift; path = Mocks.swift; sourceTree = "<group>"; };
		F838F054244997BB00F34627 /* types.json */ = {isa = PBXFileReference; lastKnownFileType = text.json; path = types.json; sourceTree = "<group>"; };
		F838F056244997E100F34627 /* placeInfo.json */ = {isa = PBXFileReference; lastKnownFileType = text.json; path = placeInfo.json; sourceTree = "<group>"; };
		F838F0582449980E00F34627 /* placesList.json */ = {isa = PBXFileReference; lastKnownFileType = text.json; path = placesList.json; sourceTree = "<group>"; };
		F83BB637247E582B00A3FD8F /* Sora-Light.otf */ = {isa = PBXFileReference; lastKnownFileType = file; path = "Sora-Light.otf"; sourceTree = "<group>"; };
		F83BB638247E582B00A3FD8F /* Sora-Thin.otf */ = {isa = PBXFileReference; lastKnownFileType = file; path = "Sora-Thin.otf"; sourceTree = "<group>"; };
		F83BB639247E582B00A3FD8F /* Sora-SemiBold.otf */ = {isa = PBXFileReference; lastKnownFileType = file; path = "Sora-SemiBold.otf"; sourceTree = "<group>"; };
		F83BB63A247E582B00A3FD8F /* Sora-Regular.otf */ = {isa = PBXFileReference; lastKnownFileType = file; path = "Sora-Regular.otf"; sourceTree = "<group>"; };
		F83BB63B247E582C00A3FD8F /* Sora-ExtraLight.otf */ = {isa = PBXFileReference; lastKnownFileType = file; path = "Sora-ExtraLight.otf"; sourceTree = "<group>"; };
		F83BB63C247E582C00A3FD8F /* Sora-ExtraBold.otf */ = {isa = PBXFileReference; lastKnownFileType = file; path = "Sora-ExtraBold.otf"; sourceTree = "<group>"; };
		F83BB63D247E582C00A3FD8F /* Sora-Bold.otf */ = {isa = PBXFileReference; lastKnownFileType = file; path = "Sora-Bold.otf"; sourceTree = "<group>"; };
		F83BB63E247E597E00A3FD8F /* DemoMagellanStyle.swift */ = {isa = PBXFileReference; lastKnownFileType = sourcecode.swift; path = DemoMagellanStyle.swift; sourceTree = "<group>"; };
		F83F50E32446053B001AD397 /* DemoFactoryProtocol.swift */ = {isa = PBXFileReference; lastKnownFileType = sourcecode.swift; path = DemoFactoryProtocol.swift; sourceTree = "<group>"; };
		F8524D83245836E20091ED5F /* UIFont+Extensions.swift */ = {isa = PBXFileReference; lastKnownFileType = sourcecode.swift; path = "UIFont+Extensions.swift"; sourceTree = "<group>"; };
		F85D275124812EB500C3B0BA /* CategoriesFilterPresenterTests.swift */ = {isa = PBXFileReference; lastKnownFileType = sourcecode.swift; path = CategoriesFilterPresenterTests.swift; sourceTree = "<group>"; };
		F86E8E3A245968940082219D /* MagellanPhoneFormatter.swift */ = {isa = PBXFileReference; lastKnownFileType = sourcecode.swift; path = MagellanPhoneFormatter.swift; sourceTree = "<group>"; };
		F87C950124460B5D008CE9F2 /* EmptyDemo.swift */ = {isa = PBXFileReference; lastKnownFileType = sourcecode.swift; path = EmptyDemo.swift; sourceTree = "<group>"; };
		F87C950424460D84008CE9F2 /* EmptyViewController.swift */ = {isa = PBXFileReference; lastKnownFileType = sourcecode.swift; path = EmptyViewController.swift; sourceTree = "<group>"; };
		F8805F582450800E00C8BC30 /* AutoMockable.generated.swift */ = {isa = PBXFileReference; fileEncoding = 4; lastKnownFileType = sourcecode.swift; name = AutoMockable.generated.swift; path = AutoGenerated/AutoMockable.generated.swift; sourceTree = "<group>"; };
		F8B202762445D73500B449C9 /* MagellanExampleTests.xctest */ = {isa = PBXFileReference; explicitFileType = wrapper.cfbundle; includeInIndex = 0; path = MagellanExampleTests.xctest; sourceTree = BUILT_PRODUCTS_DIR; };
		F8B2027A2445D73500B449C9 /* Info.plist */ = {isa = PBXFileReference; lastKnownFileType = text.plist.xml; name = Info.plist; path = MagellanExampleTests/Info.plist; sourceTree = SOURCE_ROOT; };
		F8C0AF632450691B0024A8DC /* MagellanServiceTest.swift */ = {isa = PBXFileReference; lastKnownFileType = sourcecode.swift; path = MagellanServiceTest.swift; sourceTree = "<group>"; };
		F8C0AF6524506DE70024A8DC /* fail.json */ = {isa = PBXFileReference; lastKnownFileType = text.json; path = fail.json; sourceTree = "<group>"; };
		F8F0583D2451F530001FFEB4 /* GoogleService-Info.plist */ = {isa = PBXFileReference; fileEncoding = 4; lastKnownFileType = text.plist.xml; path = "GoogleService-Info.plist"; sourceTree = "<group>"; };
		F8F238242451C39600E4945E /* LocationDetailPresenterTests.swift */ = {isa = PBXFileReference; lastKnownFileType = sourcecode.swift; path = LocationDetailPresenterTests.swift; sourceTree = "<group>"; };
		F8F238262451C92900E4945E /* GeoflashTests.swift */ = {isa = PBXFileReference; lastKnownFileType = sourcecode.swift; path = GeoflashTests.swift; sourceTree = "<group>"; };
/* End PBXFileReference section */

/* Begin PBXFrameworksBuildPhase section */
		F823176E2445D54F00D4B95F /* Frameworks */ = {
			isa = PBXFrameworksBuildPhase;
			buildActionMask = 2147483647;
			files = (
				A831EC652F77C08E5DB8F62B /* Pods_MagellanExample.framework in Frameworks */,
			);
			runOnlyForDeploymentPostprocessing = 0;
		};
		F8B202732445D73500B449C9 /* Frameworks */ = {
			isa = PBXFrameworksBuildPhase;
			buildActionMask = 2147483647;
			files = (
				17061FE073A57124647D5975 /* Pods_MagellanExampleTests.framework in Frameworks */,
			);
			runOnlyForDeploymentPostprocessing = 0;
		};
/* End PBXFrameworksBuildPhase section */

/* Begin PBXGroup section */
		1BED310B265D457400BB0C65 /* Review */ = {
			isa = PBXGroup;
			children = (
				1BED310C265D45A800BB0C65 /* ReviewDemo.swift */,
			);
			path = Review;
			sourceTree = "<group>";
		};
		7E39B0EB174DF16A465B129C /* Pods */ = {
			isa = PBXGroup;
			children = (
				E0AEDA81F225E2F5A1EF8364 /* Pods-MagellanExample.debug.xcconfig */,
				1F05751BAA6807A96A82B703 /* Pods-MagellanExample.release.xcconfig */,
				2A211F64524CDB399C7F8579 /* Pods-MagellanExampleTests.debug.xcconfig */,
				2F15C4D9882F4AA2FBF60436 /* Pods-MagellanExampleTests.release.xcconfig */,
			);
			path = Pods;
			sourceTree = "<group>";
		};
		F42FCDD860B08C4DEA20F260 /* Frameworks */ = {
			isa = PBXGroup;
			children = (
				3D65D4FA8123FFAC561A0302 /* Pods_MagellanExample.framework */,
				A3BA81BCD1B57884BA4E8D0B /* Pods_MagellanExampleTests.framework */,
			);
			name = Frameworks;
			sourceTree = "<group>";
		};
		F82317682445D54F00D4B95F = {
			isa = PBXGroup;
			children = (
				F82317732445D54F00D4B95F /* MagellanExample */,
				F8B202772445D73500B449C9 /* MagellanExampleTests */,
				F82317722445D54F00D4B95F /* Products */,
				7E39B0EB174DF16A465B129C /* Pods */,
				F42FCDD860B08C4DEA20F260 /* Frameworks */,
			);
			sourceTree = "<group>";
		};
		F82317722445D54F00D4B95F /* Products */ = {
			isa = PBXGroup;
			children = (
				F82317712445D54F00D4B95F /* MagellanExample.app */,
				F8B202762445D73500B449C9 /* MagellanExampleTests.xctest */,
			);
			name = Products;
			sourceTree = "<group>";
		};
		F82317732445D54F00D4B95F /* MagellanExample */ = {
			isa = PBXGroup;
			children = (
				F8524D82245836CC0091ED5F /* Helpers */,
				F8524D732458368A0091ED5F /* Resources */,
				F83F50E224460508001AD397 /* DemoModule */,
				F82317742445D54F00D4B95F /* AppDelegate.swift */,
				F823177D2445D55200D4B95F /* Assets.xcassets */,
				F823177F2445D55200D4B95F /* LaunchScreen.storyboard */,
				F8F0583D2451F530001FFEB4 /* GoogleService-Info.plist */,
				F82317822445D55200D4B95F /* Info.plist */,
			);
			path = MagellanExample;
			sourceTree = "<group>";
		};
		F83422EC2448734A00E0C685 /* DummyMap */ = {
			isa = PBXGroup;
			children = (
				F83422ED2448736400E0C685 /* DummyDemo.swift */,
			);
			path = DummyMap;
			sourceTree = "<group>";
		};
		F838F04E2449927E00F34627 /* Network */ = {
			isa = PBXGroup;
			children = (
				F838F0532449975700F34627 /* MockFiles */,
				F838F04F244992A100F34627 /* NetworkResolver.swift */,
				F838F0512449968600F34627 /* Mocks.swift */,
			);
			path = Network;
			sourceTree = "<group>";
		};
		F838F0532449975700F34627 /* MockFiles */ = {
			isa = PBXGroup;
			children = (
				F838F054244997BB00F34627 /* types.json */,
				F838F056244997E100F34627 /* placeInfo.json */,
				F838F0582449980E00F34627 /* placesList.json */,
				F8C0AF6524506DE70024A8DC /* fail.json */,
			);
			path = MockFiles;
			sourceTree = "<group>";
		};
		F83F50E224460508001AD397 /* DemoModule */ = {
			isa = PBXGroup;
			children = (
				F838F04E2449927E00F34627 /* Network */,
				F83422EC2448734A00E0C685 /* DummyMap */,
				F87C950324460D6E008CE9F2 /* Empty */,
				1BED310B265D457400BB0C65 /* Review */,
				F82317782445D54F00D4B95F /* DemoViewController.swift */,
				F83F50E32446053B001AD397 /* DemoFactoryProtocol.swift */,
				F83BB63E247E597E00A3FD8F /* DemoMagellanStyle.swift */,
			);
			path = DemoModule;
			sourceTree = "<group>";
		};
		F8524D732458368A0091ED5F /* Resources */ = {
			isa = PBXGroup;
			children = (
				F83BB63D247E582C00A3FD8F /* Sora-Bold.otf */,
				F83BB63C247E582C00A3FD8F /* Sora-ExtraBold.otf */,
				F83BB63B247E582C00A3FD8F /* Sora-ExtraLight.otf */,
				F83BB637247E582B00A3FD8F /* Sora-Light.otf */,
				F83BB63A247E582B00A3FD8F /* Sora-Regular.otf */,
				F83BB639247E582B00A3FD8F /* Sora-SemiBold.otf */,
				F83BB638247E582B00A3FD8F /* Sora-Thin.otf */,
			);
			path = Resources;
			sourceTree = "<group>";
		};
		F8524D82245836CC0091ED5F /* Helpers */ = {
			isa = PBXGroup;
			children = (
				F8524D83245836E20091ED5F /* UIFont+Extensions.swift */,
				F86E8E3A245968940082219D /* MagellanPhoneFormatter.swift */,
			);
			path = Helpers;
			sourceTree = "<group>";
		};
		F87C950324460D6E008CE9F2 /* Empty */ = {
			isa = PBXGroup;
			children = (
				F87C950124460B5D008CE9F2 /* EmptyDemo.swift */,
				F87C950424460D84008CE9F2 /* EmptyViewController.swift */,
			);
			path = Empty;
			sourceTree = "<group>";
		};
		F8805F5524507CF000C8BC30 /* Modules */ = {
			isa = PBXGroup;
			children = (
				F8F238242451C39600E4945E /* LocationDetailPresenterTests.swift */,
				F819F83D2452E0BE00A6284F /* MapPresenterTests.swift */,
				F819F83F2452E42200A6284F /* MapListPresenterTests.swift */,
				F85D275124812EB500C3B0BA /* CategoriesFilterPresenterTests.swift */,
			);
			path = Modules;
			sourceTree = "<group>";
		};
		F8B202772445D73500B449C9 /* MagellanExampleTests */ = {
			isa = PBXGroup;
			children = (
				F8805F582450800E00C8BC30 /* AutoMockable.generated.swift */,
				F8805F5524507CF000C8BC30 /* Modules */,
				F8C0AF62245069020024A8DC /* Services */,
				F8B2027A2445D73500B449C9 /* Info.plist */,
				F8F238262451C92900E4945E /* GeoflashTests.swift */,
				F81E165124571BBC009C4AAD /* WorkingStatusTests.swift */,
				CECA0A4A2508C75F0070E9E0 /* ScheduleTests.swift */,
			);
			path = MagellanExampleTests;
			sourceTree = "<group>";
		};
		F8C0AF62245069020024A8DC /* Services */ = {
			isa = PBXGroup;
			children = (
				F8C0AF632450691B0024A8DC /* MagellanServiceTest.swift */,
			);
			path = Services;
			sourceTree = "<group>";
		};
/* End PBXGroup section */

/* Begin PBXNativeTarget section */
		F82317702445D54F00D4B95F /* MagellanExample */ = {
			isa = PBXNativeTarget;
			buildConfigurationList = F82317852445D55200D4B95F /* Build configuration list for PBXNativeTarget "MagellanExample" */;
			buildPhases = (
				341818FFB694C026B83E1B1B /* [CP] Check Pods Manifest.lock */,
				F8805F52245073B000C8BC30 /* Sourcery */,
				F823176D2445D54F00D4B95F /* Sources */,
				F823176E2445D54F00D4B95F /* Frameworks */,
				F823176F2445D54F00D4B95F /* Resources */,
				CD965C070EC2054940FAA09F /* [CP] Embed Pods Frameworks */,
				4EC6EFA64A238376193FACCC /* [CP] Copy Pods Resources */,
			);
			buildRules = (
			);
			dependencies = (
			);
			name = MagellanExample;
			productName = MagellanExample;
			productReference = F82317712445D54F00D4B95F /* MagellanExample.app */;
			productType = "com.apple.product-type.application";
		};
		F8B202752445D73500B449C9 /* MagellanExampleTests */ = {
			isa = PBXNativeTarget;
			buildConfigurationList = F8B2027F2445D73500B449C9 /* Build configuration list for PBXNativeTarget "MagellanExampleTests" */;
			buildPhases = (
				E97FC1C4828A0ACF3DFEC3B0 /* [CP] Check Pods Manifest.lock */,
				F8B202722445D73500B449C9 /* Sources */,
				F8B202732445D73500B449C9 /* Frameworks */,
				F8B202742445D73500B449C9 /* Resources */,
				2A655C14696B858CE43DBAA6 /* [CP] Embed Pods Frameworks */,
			);
			buildRules = (
			);
			dependencies = (
				F8B2027C2445D73500B449C9 /* PBXTargetDependency */,
			);
			name = MagellanExampleTests;
			productName = MagellanExampleTests;
			productReference = F8B202762445D73500B449C9 /* MagellanExampleTests.xctest */;
			productType = "com.apple.product-type.bundle.unit-test";
		};
/* End PBXNativeTarget section */

/* Begin PBXProject section */
		F82317692445D54F00D4B95F /* Project object */ = {
			isa = PBXProject;
			attributes = {
				LastSwiftUpdateCheck = 1140;
				LastUpgradeCheck = 1140;
				ORGANIZATIONNAME = "Iskander Foatov";
				TargetAttributes = {
					F82317702445D54F00D4B95F = {
						CreatedOnToolsVersion = 11.4;
					};
					F8B202752445D73500B449C9 = {
						CreatedOnToolsVersion = 11.4;
						TestTargetID = F82317702445D54F00D4B95F;
					};
				};
			};
			buildConfigurationList = F823176C2445D54F00D4B95F /* Build configuration list for PBXProject "MagellanExample" */;
			compatibilityVersion = "Xcode 9.3";
			developmentRegion = en;
			hasScannedForEncodings = 0;
			knownRegions = (
				en,
				Base,
			);
			mainGroup = F82317682445D54F00D4B95F;
			productRefGroup = F82317722445D54F00D4B95F /* Products */;
			projectDirPath = "";
			projectRoot = "";
			targets = (
				F82317702445D54F00D4B95F /* MagellanExample */,
				F8B202752445D73500B449C9 /* MagellanExampleTests */,
			);
		};
/* End PBXProject section */

/* Begin PBXResourcesBuildPhase section */
		F823176F2445D54F00D4B95F /* Resources */ = {
			isa = PBXResourcesBuildPhase;
			buildActionMask = 2147483647;
			files = (
				F82317812445D55200D4B95F /* LaunchScreen.storyboard in Resources */,
				F823177E2445D55200D4B95F /* Assets.xcassets in Resources */,
				F81F1802247E5A7B00B35A29 /* Sora-Light.otf in Resources */,
				F81F1803247E5A7B00B35A29 /* Sora-Regular.otf in Resources */,
				F8F0583E2451F530001FFEB4 /* GoogleService-Info.plist in Resources */,
				F81F1805247E5A7B00B35A29 /* Sora-Thin.otf in Resources */,
				F838F055244997BB00F34627 /* types.json in Resources */,
				F8C0AF6624506DE70024A8DC /* fail.json in Resources */,
				F838F0592449980E00F34627 /* placesList.json in Resources */,
				F838F057244997E100F34627 /* placeInfo.json in Resources */,
				F81F1800247E5A7B00B35A29 /* Sora-ExtraBold.otf in Resources */,
				F81F1804247E5A7B00B35A29 /* Sora-SemiBold.otf in Resources */,
				F81F1801247E5A7B00B35A29 /* Sora-ExtraLight.otf in Resources */,
				F81F17FF247E5A7400B35A29 /* Sora-Bold.otf in Resources */,
			);
			runOnlyForDeploymentPostprocessing = 0;
		};
		F8B202742445D73500B449C9 /* Resources */ = {
			isa = PBXResourcesBuildPhase;
			buildActionMask = 2147483647;
			files = (
			);
			runOnlyForDeploymentPostprocessing = 0;
		};
/* End PBXResourcesBuildPhase section */

/* Begin PBXShellScriptBuildPhase section */
		2A655C14696B858CE43DBAA6 /* [CP] Embed Pods Frameworks */ = {
			isa = PBXShellScriptBuildPhase;
			buildActionMask = 2147483647;
			files = (
			);
			inputFileListPaths = (
				"${PODS_ROOT}/Target Support Files/Pods-MagellanExampleTests/Pods-MagellanExampleTests-frameworks-${CONFIGURATION}-input-files.xcfilelist",
			);
			name = "[CP] Embed Pods Frameworks";
			outputFileListPaths = (
				"${PODS_ROOT}/Target Support Files/Pods-MagellanExampleTests/Pods-MagellanExampleTests-frameworks-${CONFIGURATION}-output-files.xcfilelist",
			);
			runOnlyForDeploymentPostprocessing = 0;
			shellPath = /bin/sh;
			shellScript = "\"${PODS_ROOT}/Target Support Files/Pods-MagellanExampleTests/Pods-MagellanExampleTests-frameworks.sh\"\n";
			showEnvVarsInLog = 0;
		};
		341818FFB694C026B83E1B1B /* [CP] Check Pods Manifest.lock */ = {
			isa = PBXShellScriptBuildPhase;
			buildActionMask = 2147483647;
			files = (
			);
			inputFileListPaths = (
			);
			inputPaths = (
				"${PODS_PODFILE_DIR_PATH}/Podfile.lock",
				"${PODS_ROOT}/Manifest.lock",
			);
			name = "[CP] Check Pods Manifest.lock";
			outputFileListPaths = (
			);
			outputPaths = (
				"$(DERIVED_FILE_DIR)/Pods-MagellanExample-checkManifestLockResult.txt",
			);
			runOnlyForDeploymentPostprocessing = 0;
			shellPath = /bin/sh;
			shellScript = "diff \"${PODS_PODFILE_DIR_PATH}/Podfile.lock\" \"${PODS_ROOT}/Manifest.lock\" > /dev/null\nif [ $? != 0 ] ; then\n    # print error to STDERR\n    echo \"error: The sandbox is not in sync with the Podfile.lock. Run 'pod install' or update your CocoaPods installation.\" >&2\n    exit 1\nfi\n# This output is used by Xcode 'outputs' to avoid re-running this script phase.\necho \"SUCCESS\" > \"${SCRIPT_OUTPUT_FILE_0}\"\n";
			showEnvVarsInLog = 0;
		};
		4EC6EFA64A238376193FACCC /* [CP] Copy Pods Resources */ = {
			isa = PBXShellScriptBuildPhase;
			buildActionMask = 2147483647;
			files = (
			);
			inputFileListPaths = (
				"${PODS_ROOT}/Target Support Files/Pods-MagellanExample/Pods-MagellanExample-resources-${CONFIGURATION}-input-files.xcfilelist",
			);
			name = "[CP] Copy Pods Resources";
			outputFileListPaths = (
				"${PODS_ROOT}/Target Support Files/Pods-MagellanExample/Pods-MagellanExample-resources-${CONFIGURATION}-output-files.xcfilelist",
			);
			runOnlyForDeploymentPostprocessing = 0;
			shellPath = /bin/sh;
			shellScript = "\"${PODS_ROOT}/Target Support Files/Pods-MagellanExample/Pods-MagellanExample-resources.sh\"\n";
			showEnvVarsInLog = 0;
		};
		CD965C070EC2054940FAA09F /* [CP] Embed Pods Frameworks */ = {
			isa = PBXShellScriptBuildPhase;
			buildActionMask = 2147483647;
			files = (
			);
			inputFileListPaths = (
				"${PODS_ROOT}/Target Support Files/Pods-MagellanExample/Pods-MagellanExample-frameworks-${CONFIGURATION}-input-files.xcfilelist",
			);
			name = "[CP] Embed Pods Frameworks";
			outputFileListPaths = (
				"${PODS_ROOT}/Target Support Files/Pods-MagellanExample/Pods-MagellanExample-frameworks-${CONFIGURATION}-output-files.xcfilelist",
			);
			runOnlyForDeploymentPostprocessing = 0;
			shellPath = /bin/sh;
			shellScript = "\"${PODS_ROOT}/Target Support Files/Pods-MagellanExample/Pods-MagellanExample-frameworks.sh\"\n";
			showEnvVarsInLog = 0;
		};
		E97FC1C4828A0ACF3DFEC3B0 /* [CP] Check Pods Manifest.lock */ = {
			isa = PBXShellScriptBuildPhase;
			buildActionMask = 2147483647;
			files = (
			);
			inputFileListPaths = (
			);
			inputPaths = (
				"${PODS_PODFILE_DIR_PATH}/Podfile.lock",
				"${PODS_ROOT}/Manifest.lock",
			);
			name = "[CP] Check Pods Manifest.lock";
			outputFileListPaths = (
			);
			outputPaths = (
				"$(DERIVED_FILE_DIR)/Pods-MagellanExampleTests-checkManifestLockResult.txt",
			);
			runOnlyForDeploymentPostprocessing = 0;
			shellPath = /bin/sh;
			shellScript = "diff \"${PODS_PODFILE_DIR_PATH}/Podfile.lock\" \"${PODS_ROOT}/Manifest.lock\" > /dev/null\nif [ $? != 0 ] ; then\n    # print error to STDERR\n    echo \"error: The sandbox is not in sync with the Podfile.lock. Run 'pod install' or update your CocoaPods installation.\" >&2\n    exit 1\nfi\n# This output is used by Xcode 'outputs' to avoid re-running this script phase.\necho \"SUCCESS\" > \"${SCRIPT_OUTPUT_FILE_0}\"\n";
			showEnvVarsInLog = 0;
		};
		F8805F52245073B000C8BC30 /* Sourcery */ = {
			isa = PBXShellScriptBuildPhase;
			buildActionMask = 2147483647;
			files = (
			);
			inputFileListPaths = (
			);
			inputPaths = (
			);
			name = Sourcery;
			outputFileListPaths = (
			);
			outputPaths = (
			);
			runOnlyForDeploymentPostprocessing = 0;
			shellPath = /bin/sh;
			shellScript = "# Type a script or drag a script file from your workspace to insert its path.\nSourcery\n";
		};
/* End PBXShellScriptBuildPhase section */

/* Begin PBXSourcesBuildPhase section */
		F823176D2445D54F00D4B95F /* Sources */ = {
			isa = PBXSourcesBuildPhase;
			buildActionMask = 2147483647;
			files = (
				F83F50E42446053B001AD397 /* DemoFactoryProtocol.swift in Sources */,
				F83BB63F247E597E00A3FD8F /* DemoMagellanStyle.swift in Sources */,
				F86E8E3B245968940082219D /* MagellanPhoneFormatter.swift in Sources */,
				F838F050244992A100F34627 /* NetworkResolver.swift in Sources */,
				F82317792445D54F00D4B95F /* DemoViewController.swift in Sources */,
				F838F0522449968600F34627 /* Mocks.swift in Sources */,
				F87C950524460D84008CE9F2 /* EmptyViewController.swift in Sources */,
				F83422EE2448736400E0C685 /* DummyDemo.swift in Sources */,
				F87C950224460B5D008CE9F2 /* EmptyDemo.swift in Sources */,
				F8524D84245836E20091ED5F /* UIFont+Extensions.swift in Sources */,
				1BED310D265D45A800BB0C65 /* ReviewDemo.swift in Sources */,
				F82317752445D54F00D4B95F /* AppDelegate.swift in Sources */,
			);
			runOnlyForDeploymentPostprocessing = 0;
		};
		F8B202722445D73500B449C9 /* Sources */ = {
			isa = PBXSourcesBuildPhase;
			buildActionMask = 2147483647;
			files = (
				F81E165224571BBC009C4AAD /* WorkingStatusTests.swift in Sources */,
				F8C0AF642450691B0024A8DC /* MagellanServiceTest.swift in Sources */,
				F8F238272451C92900E4945E /* GeoflashTests.swift in Sources */,
				F8F238252451C39600E4945E /* LocationDetailPresenterTests.swift in Sources */,
				F819F8402452E42200A6284F /* MapListPresenterTests.swift in Sources */,
				F8805F592450800F00C8BC30 /* AutoMockable.generated.swift in Sources */,
				F85D275224812EB500C3B0BA /* CategoriesFilterPresenterTests.swift in Sources */,
				F819F83E2452E0BE00A6284F /* MapPresenterTests.swift in Sources */,
				CECA0A4B2508C75F0070E9E0 /* ScheduleTests.swift in Sources */,
			);
			runOnlyForDeploymentPostprocessing = 0;
		};
/* End PBXSourcesBuildPhase section */

/* Begin PBXTargetDependency section */
		F8B2027C2445D73500B449C9 /* PBXTargetDependency */ = {
			isa = PBXTargetDependency;
			target = F82317702445D54F00D4B95F /* MagellanExample */;
			targetProxy = F8B2027B2445D73500B449C9 /* PBXContainerItemProxy */;
		};
/* End PBXTargetDependency section */

/* Begin PBXVariantGroup section */
		F823177F2445D55200D4B95F /* LaunchScreen.storyboard */ = {
			isa = PBXVariantGroup;
			children = (
				F82317802445D55200D4B95F /* Base */,
			);
			name = LaunchScreen.storyboard;
			sourceTree = "<group>";
		};
/* End PBXVariantGroup section */

/* Begin XCBuildConfiguration section */
		F82317832445D55200D4B95F /* Debug */ = {
			isa = XCBuildConfiguration;
			buildSettings = {
				ALWAYS_SEARCH_USER_PATHS = NO;
				CLANG_ANALYZER_NONNULL = YES;
				CLANG_ANALYZER_NUMBER_OBJECT_CONVERSION = YES_AGGRESSIVE;
				CLANG_CXX_LANGUAGE_STANDARD = "gnu++14";
				CLANG_CXX_LIBRARY = "libc++";
				CLANG_ENABLE_MODULES = YES;
				CLANG_ENABLE_OBJC_ARC = YES;
				CLANG_ENABLE_OBJC_WEAK = YES;
				CLANG_WARN_BLOCK_CAPTURE_AUTORELEASING = YES;
				CLANG_WARN_BOOL_CONVERSION = YES;
				CLANG_WARN_COMMA = YES;
				CLANG_WARN_CONSTANT_CONVERSION = YES;
				CLANG_WARN_DEPRECATED_OBJC_IMPLEMENTATIONS = YES;
				CLANG_WARN_DIRECT_OBJC_ISA_USAGE = YES_ERROR;
				CLANG_WARN_DOCUMENTATION_COMMENTS = YES;
				CLANG_WARN_EMPTY_BODY = YES;
				CLANG_WARN_ENUM_CONVERSION = YES;
				CLANG_WARN_INFINITE_RECURSION = YES;
				CLANG_WARN_INT_CONVERSION = YES;
				CLANG_WARN_NON_LITERAL_NULL_CONVERSION = YES;
				CLANG_WARN_OBJC_IMPLICIT_RETAIN_SELF = YES;
				CLANG_WARN_OBJC_LITERAL_CONVERSION = YES;
				CLANG_WARN_OBJC_ROOT_CLASS = YES_ERROR;
				CLANG_WARN_RANGE_LOOP_ANALYSIS = YES;
				CLANG_WARN_STRICT_PROTOTYPES = YES;
				CLANG_WARN_SUSPICIOUS_MOVE = YES;
				CLANG_WARN_UNGUARDED_AVAILABILITY = YES_AGGRESSIVE;
				CLANG_WARN_UNREACHABLE_CODE = YES;
				CLANG_WARN__DUPLICATE_METHOD_MATCH = YES;
				COPY_PHASE_STRIP = NO;
				DEBUG_INFORMATION_FORMAT = dwarf;
				ENABLE_STRICT_OBJC_MSGSEND = YES;
				ENABLE_TESTABILITY = YES;
				GCC_C_LANGUAGE_STANDARD = gnu11;
				GCC_DYNAMIC_NO_PIC = NO;
				GCC_NO_COMMON_BLOCKS = YES;
				GCC_OPTIMIZATION_LEVEL = 0;
				GCC_PREPROCESSOR_DEFINITIONS = (
					"DEBUG=1",
					"$(inherited)",
				);
				GCC_WARN_64_TO_32_BIT_CONVERSION = YES;
				GCC_WARN_ABOUT_RETURN_TYPE = YES_ERROR;
				GCC_WARN_UNDECLARED_SELECTOR = YES;
				GCC_WARN_UNINITIALIZED_AUTOS = YES_AGGRESSIVE;
				GCC_WARN_UNUSED_FUNCTION = YES;
				GCC_WARN_UNUSED_VARIABLE = YES;
				IPHONEOS_DEPLOYMENT_TARGET = 13.4;
				MTL_ENABLE_DEBUG_INFO = INCLUDE_SOURCE;
				MTL_FAST_MATH = YES;
				ONLY_ACTIVE_ARCH = YES;
				SDKROOT = iphoneos;
				SWIFT_ACTIVE_COMPILATION_CONDITIONS = DEBUG;
				SWIFT_OPTIMIZATION_LEVEL = "-Onone";
			};
			name = Debug;
		};
		F82317842445D55200D4B95F /* Release */ = {
			isa = XCBuildConfiguration;
			buildSettings = {
				ALWAYS_SEARCH_USER_PATHS = NO;
				CLANG_ANALYZER_NONNULL = YES;
				CLANG_ANALYZER_NUMBER_OBJECT_CONVERSION = YES_AGGRESSIVE;
				CLANG_CXX_LANGUAGE_STANDARD = "gnu++14";
				CLANG_CXX_LIBRARY = "libc++";
				CLANG_ENABLE_MODULES = YES;
				CLANG_ENABLE_OBJC_ARC = YES;
				CLANG_ENABLE_OBJC_WEAK = YES;
				CLANG_WARN_BLOCK_CAPTURE_AUTORELEASING = YES;
				CLANG_WARN_BOOL_CONVERSION = YES;
				CLANG_WARN_COMMA = YES;
				CLANG_WARN_CONSTANT_CONVERSION = YES;
				CLANG_WARN_DEPRECATED_OBJC_IMPLEMENTATIONS = YES;
				CLANG_WARN_DIRECT_OBJC_ISA_USAGE = YES_ERROR;
				CLANG_WARN_DOCUMENTATION_COMMENTS = YES;
				CLANG_WARN_EMPTY_BODY = YES;
				CLANG_WARN_ENUM_CONVERSION = YES;
				CLANG_WARN_INFINITE_RECURSION = YES;
				CLANG_WARN_INT_CONVERSION = YES;
				CLANG_WARN_NON_LITERAL_NULL_CONVERSION = YES;
				CLANG_WARN_OBJC_IMPLICIT_RETAIN_SELF = YES;
				CLANG_WARN_OBJC_LITERAL_CONVERSION = YES;
				CLANG_WARN_OBJC_ROOT_CLASS = YES_ERROR;
				CLANG_WARN_RANGE_LOOP_ANALYSIS = YES;
				CLANG_WARN_STRICT_PROTOTYPES = YES;
				CLANG_WARN_SUSPICIOUS_MOVE = YES;
				CLANG_WARN_UNGUARDED_AVAILABILITY = YES_AGGRESSIVE;
				CLANG_WARN_UNREACHABLE_CODE = YES;
				CLANG_WARN__DUPLICATE_METHOD_MATCH = YES;
				COPY_PHASE_STRIP = NO;
				DEBUG_INFORMATION_FORMAT = "dwarf-with-dsym";
				ENABLE_NS_ASSERTIONS = NO;
				ENABLE_STRICT_OBJC_MSGSEND = YES;
				GCC_C_LANGUAGE_STANDARD = gnu11;
				GCC_NO_COMMON_BLOCKS = YES;
				GCC_WARN_64_TO_32_BIT_CONVERSION = YES;
				GCC_WARN_ABOUT_RETURN_TYPE = YES_ERROR;
				GCC_WARN_UNDECLARED_SELECTOR = YES;
				GCC_WARN_UNINITIALIZED_AUTOS = YES_AGGRESSIVE;
				GCC_WARN_UNUSED_FUNCTION = YES;
				GCC_WARN_UNUSED_VARIABLE = YES;
				IPHONEOS_DEPLOYMENT_TARGET = 13.4;
				MTL_ENABLE_DEBUG_INFO = NO;
				MTL_FAST_MATH = YES;
				SDKROOT = iphoneos;
				SWIFT_COMPILATION_MODE = wholemodule;
				SWIFT_OPTIMIZATION_LEVEL = "-O";
				VALIDATE_PRODUCT = YES;
			};
			name = Release;
		};
		F82317862445D55200D4B95F /* Debug */ = {
			isa = XCBuildConfiguration;
			baseConfigurationReference = E0AEDA81F225E2F5A1EF8364 /* Pods-MagellanExample.debug.xcconfig */;
			buildSettings = {
				ASSETCATALOG_COMPILER_APPICON_NAME = AppIcon;
				CODE_SIGN_IDENTITY = "Apple Development";
				CODE_SIGN_STYLE = Automatic;
				DEVELOPMENT_TEAM = YLWWUD25VZ;
				INFOPLIST_FILE = MagellanExample/Info.plist;
				IPHONEOS_DEPLOYMENT_TARGET = 9.0;
				LD_RUNPATH_SEARCH_PATHS = (
					"$(inherited)",
					"@executable_path/Frameworks",
				);
				PRODUCT_BUNDLE_IDENTIFIER = co.jp.soramitsu.magellan.MagellanExample;
				PRODUCT_NAME = "$(TARGET_NAME)";
				PROVISIONING_PROFILE_SPECIFIER = "";
				SWIFT_VERSION = 5.0;
				TARGETED_DEVICE_FAMILY = 1;
			};
			name = Debug;
		};
		F82317872445D55200D4B95F /* Release */ = {
			isa = XCBuildConfiguration;
			baseConfigurationReference = 1F05751BAA6807A96A82B703 /* Pods-MagellanExample.release.xcconfig */;
			buildSettings = {
				ASSETCATALOG_COMPILER_APPICON_NAME = AppIcon;
				CODE_SIGN_IDENTITY = "iPhone Distribution";
				CODE_SIGN_STYLE = Manual;
				DEVELOPMENT_TEAM = YLWWUD25VZ;
				INFOPLIST_FILE = MagellanExample/Info.plist;
				IPHONEOS_DEPLOYMENT_TARGET = 9.0;
				LD_RUNPATH_SEARCH_PATHS = (
					"$(inherited)",
					"@executable_path/Frameworks",
				);
				PRODUCT_BUNDLE_IDENTIFIER = co.jp.soramitsu.magellan.MagellanExample;
				PRODUCT_NAME = "$(TARGET_NAME)";
				PROVISIONING_PROFILE_SPECIFIER = "magellan-adhoc";
				SWIFT_VERSION = 5.0;
				TARGETED_DEVICE_FAMILY = 1;
			};
			name = Release;
		};
		F8B2027D2445D73500B449C9 /* Debug */ = {
			isa = XCBuildConfiguration;
			baseConfigurationReference = 2A211F64524CDB399C7F8579 /* Pods-MagellanExampleTests.debug.xcconfig */;
			buildSettings = {
				BUNDLE_LOADER = "$(TEST_HOST)";
				CODE_SIGN_STYLE = Automatic;
				DEVELOPMENT_TEAM = YLWWUD25VZ;
				INFOPLIST_FILE = MagellanExampleTests/Info.plist;
				LD_RUNPATH_SEARCH_PATHS = (
					"$(inherited)",
					"@executable_path/Frameworks",
					"@loader_path/Frameworks",
				);
				PRODUCT_BUNDLE_IDENTIFIER = co.jp.soramitsu.magellan.MagellanExampleTests;
				PRODUCT_NAME = "$(TARGET_NAME)";
				SWIFT_VERSION = 5.0;
				TARGETED_DEVICE_FAMILY = "1,2";
				TEST_HOST = "$(BUILT_PRODUCTS_DIR)/MagellanExample.app/MagellanExample";
			};
			name = Debug;
		};
		F8B2027E2445D73500B449C9 /* Release */ = {
			isa = XCBuildConfiguration;
			baseConfigurationReference = 2F15C4D9882F4AA2FBF60436 /* Pods-MagellanExampleTests.release.xcconfig */;
			buildSettings = {
				BUNDLE_LOADER = "$(TEST_HOST)";
				CODE_SIGN_IDENTITY = "Apple Development";
				"CODE_SIGN_IDENTITY[sdk=macosx*]" = "Apple Development";
				CODE_SIGN_STYLE = Automatic;
				DEVELOPMENT_TEAM = YLWWUD25VZ;
				INFOPLIST_FILE = MagellanExampleTests/Info.plist;
				LD_RUNPATH_SEARCH_PATHS = (
					"$(inherited)",
					"@executable_path/Frameworks",
					"@loader_path/Frameworks",
				);
				PRODUCT_BUNDLE_IDENTIFIER = co.jp.soramitsu.magellan.MagellanExampleTests;
				PRODUCT_NAME = "$(TARGET_NAME)";
				PROVISIONING_PROFILE_SPECIFIER = "";
				"PROVISIONING_PROFILE_SPECIFIER[sdk=macosx*]" = "";
				SWIFT_VERSION = 5.0;
				TARGETED_DEVICE_FAMILY = "1,2";
				TEST_HOST = "$(BUILT_PRODUCTS_DIR)/MagellanExample.app/MagellanExample";
			};
			name = Release;
		};
/* End XCBuildConfiguration section */

/* Begin XCConfigurationList section */
		F823176C2445D54F00D4B95F /* Build configuration list for PBXProject "MagellanExample" */ = {
			isa = XCConfigurationList;
			buildConfigurations = (
				F82317832445D55200D4B95F /* Debug */,
				F82317842445D55200D4B95F /* Release */,
			);
			defaultConfigurationIsVisible = 0;
			defaultConfigurationName = Release;
		};
		F82317852445D55200D4B95F /* Build configuration list for PBXNativeTarget "MagellanExample" */ = {
			isa = XCConfigurationList;
			buildConfigurations = (
				F82317862445D55200D4B95F /* Debug */,
				F82317872445D55200D4B95F /* Release */,
			);
			defaultConfigurationIsVisible = 0;
			defaultConfigurationName = Release;
		};
		F8B2027F2445D73500B449C9 /* Build configuration list for PBXNativeTarget "MagellanExampleTests" */ = {
			isa = XCConfigurationList;
			buildConfigurations = (
				F8B2027D2445D73500B449C9 /* Debug */,
				F8B2027E2445D73500B449C9 /* Release */,
			);
			defaultConfigurationIsVisible = 0;
			defaultConfigurationName = Release;
		};
/* End XCConfigurationList section */
	};
	rootObject = F82317692445D54F00D4B95F /* Project object */;
}
