PODS:
  - Crashlytics (3.12.0):
    - Fabric (~> 1.9.0)
  - Fabric (1.9.0)
  - Firebase/Analytics (6.22.0):
    - Firebase/Core
  - Firebase/Core (6.22.0):
    - Firebase/CoreOnly
    - FirebaseAnalytics (= 6.4.1)
  - Firebase/CoreOnly (6.22.0):
    - FirebaseCore (= 6.6.6)
  - FirebaseAnalytics (6.4.1):
    - FirebaseCore (~> 6.6)
    - FirebaseInstallations (~> 1.1)
    - GoogleAppMeasurement (= 6.4.1)
    - GoogleUtilities/AppDelegateSwizzler (~> 6.0)
    - GoogleUtilities/MethodSwizzler (~> 6.0)
    - GoogleUtilities/Network (~> 6.0)
    - "GoogleUtilities/NSData+zlib (~> 6.0)"
    - nanopb (= 0.3.9011)
  - FirebaseCore (6.6.6):
    - FirebaseCoreDiagnostics (~> 1.2)
    - FirebaseCoreDiagnosticsInterop (~> 1.2)
    - GoogleUtilities/Environment (~> 6.5)
    - GoogleUtilities/Logger (~> 6.5)
  - FirebaseCoreDiagnostics (1.2.3):
    - FirebaseCoreDiagnosticsInterop (~> 1.2)
    - GoogleDataTransportCCTSupport (~> 2.0)
    - GoogleUtilities/Environment (~> 6.5)
    - GoogleUtilities/Logger (~> 6.5)
    - nanopb (~> 0.3.901)
  - FirebaseCoreDiagnosticsInterop (1.2.0)
  - FirebaseInstallations (1.1.1):
    - FirebaseCore (~> 6.6)
    - GoogleUtilities/UserDefaults (~> 6.5)
    - PromisesObjC (~> 1.2)
  - Google-Maps-iOS-Utils (3.1.1):
    - Google-Maps-iOS-Utils/Clustering (= 3.1.1)
    - Google-Maps-iOS-Utils/Geometry (= 3.1.1)
    - Google-Maps-iOS-Utils/Heatmap (= 3.1.1)
    - Google-Maps-iOS-Utils/QuadTree (= 3.1.1)
    - GoogleMaps
  - Google-Maps-iOS-Utils/Clustering (3.1.1):
    - Google-Maps-iOS-Utils/QuadTree
    - GoogleMaps
  - Google-Maps-iOS-Utils/Geometry (3.1.1):
    - GoogleMaps
  - Google-Maps-iOS-Utils/Heatmap (3.1.1):
    - Google-Maps-iOS-Utils/QuadTree
    - GoogleMaps
  - Google-Maps-iOS-Utils/QuadTree (3.1.1):
    - GoogleMaps
  - GoogleAppMeasurement (6.4.1):
    - GoogleUtilities/AppDelegateSwizzler (~> 6.0)
    - GoogleUtilities/MethodSwizzler (~> 6.0)
    - GoogleUtilities/Network (~> 6.0)
    - "GoogleUtilities/NSData+zlib (~> 6.0)"
    - nanopb (= 0.3.9011)
  - GoogleDataTransport (5.1.1)
  - GoogleDataTransportCCTSupport (2.0.3):
    - GoogleDataTransport (~> 5.1)
    - nanopb (~> 0.3.901)
  - GoogleMaps (3.8.0):
    - GoogleMaps/Maps (= 3.8.0)
  - GoogleMaps/Base (3.8.0)
  - GoogleMaps/Maps (3.8.0):
    - GoogleMaps/Base
  - GoogleUtilities/AppDelegateSwizzler (6.5.2):
    - GoogleUtilities/Environment
    - GoogleUtilities/Logger
    - GoogleUtilities/Network
  - GoogleUtilities/Environment (6.5.2)
  - GoogleUtilities/Logger (6.5.2):
    - GoogleUtilities/Environment
  - GoogleUtilities/MethodSwizzler (6.5.2):
    - GoogleUtilities/Logger
  - GoogleUtilities/Network (6.5.2):
    - GoogleUtilities/Logger
    - "GoogleUtilities/NSData+zlib"
    - GoogleUtilities/Reachability
  - "GoogleUtilities/NSData+zlib (6.5.2)"
  - GoogleUtilities/Reachability (6.5.2):
    - GoogleUtilities/Logger
  - GoogleUtilities/UserDefaults (6.5.2):
    - GoogleUtilities/Logger
  - libPhoneNumber-iOS (0.9.15)
  - Magellan (0.1.0):
    - Google-Maps-iOS-Utils
    - GoogleMaps
    - RobinHood (~> 2.3.0)
    - SoraFoundation/DateProcessing (~> 0.7.0)
    - SoraFoundation/Localization (~> 0.7.0)
    - SoraFoundation/NotificationHandlers (~> 0.7.0)
    - SoraUI (~> 1.8.7)
    - SVProgressHUD
  - nanopb (0.3.9011):
    - nanopb/decode (= 0.3.9011)
    - nanopb/encode (= 0.3.9011)
  - nanopb/decode (0.3.9011)
  - nanopb/encode (0.3.9011)
  - OHHTTPStubs/Core (9.0.0)
  - OHHTTPStubs/Default (9.0.0):
    - OHHTTPStubs/Core
    - OHHTTPStubs/JSON
    - OHHTTPStubs/NSURLSession
    - OHHTTPStubs/OHPathHelpers
  - OHHTTPStubs/JSON (9.0.0):
    - OHHTTPStubs/Core
  - OHHTTPStubs/NSURLSession (9.0.0):
    - OHHTTPStubs/Core
  - OHHTTPStubs/OHPathHelpers (9.0.0)
  - OHHTTPStubs/Swift (9.0.0):
    - OHHTTPStubs/Default
  - PromisesObjC (1.2.8)
  - RobinHood (2.3.0)
  - SoraFoundation/DateProcessing (0.7.0):
    - SoraFoundation/Localization
  - SoraFoundation/Localization (0.7.0):
    - SoraKeystore (~> 0.1.5)
  - SoraFoundation/NotificationHandlers (0.7.0)
  - SoraKeystore (0.1.5)
  - SoraUI (1.8.9):
    - SoraUI/AdaptiveDesign (= 1.8.9)
    - SoraUI/Animator (= 1.8.9)
    - SoraUI/Camera (= 1.8.9)
    - SoraUI/Controls (= 1.8.9)
    - SoraUI/DetailsView (= 1.8.9)
    - SoraUI/EmptyState (= 1.8.9)
    - SoraUI/LoadingView (= 1.8.9)
    - SoraUI/ModalInputPresentation (= 1.8.9)
    - SoraUI/PageLoader (= 1.8.9)
    - SoraUI/PinView (= 1.8.9)
    - SoraUI/Skrull (= 1.8.9)
  - SoraUI/AdaptiveDesign (1.8.9)
  - SoraUI/Animator (1.8.9)
  - SoraUI/Camera (1.8.9)
  - SoraUI/Controls (1.8.9)
  - SoraUI/DetailsView (1.8.9):
    - SoraUI/Controls
  - SoraUI/EmptyState (1.8.9):
    - SoraUI/Animator
  - SoraUI/LoadingView (1.8.9):
    - SoraUI/Controls
  - SoraUI/ModalInputPresentation (1.8.9):
    - SoraUI/Animator
  - SoraUI/PageLoader (1.8.9)
  - SoraUI/PinView (1.8.9):
    - SoraUI/Controls
  - SoraUI/Skrull (1.8.9)
  - Sourcery (0.17.0)
  - SVProgressHUD (2.2.5)
  - SwiftGen (6.1.0)
  - SwiftLint (0.31.0)

DEPENDENCIES:
  - Crashlytics
  - Fabric
  - Firebase/Analytics
  - libPhoneNumber-iOS
  - Magellan (from `../`)
  - OHHTTPStubs/Swift
  - Sourcery
  - SwiftGen
  - SwiftLint (= 0.31.0)

SPEC REPOS:
  https://github.com/CocoaPods/Specs.git:
    - Crashlytics
    - Fabric
    - Firebase
    - FirebaseAnalytics
    - FirebaseCore
    - FirebaseCoreDiagnostics
    - FirebaseCoreDiagnosticsInterop
    - FirebaseInstallations
    - Google-Maps-iOS-Utils
    - GoogleAppMeasurement
    - GoogleDataTransport
    - GoogleDataTransportCCTSupport
    - GoogleMaps
    - GoogleUtilities
    - libPhoneNumber-iOS
    - nanopb
    - OHHTTPStubs
    - PromisesObjC
    - RobinHood
    - SoraFoundation
    - SoraKeystore
    - SoraUI
    - Sourcery
    - SVProgressHUD
    - SwiftGen
    - SwiftLint

EXTERNAL SOURCES:
  Magellan:
    :path: "../"

SPEC CHECKSUMS:
  Crashlytics: 07fb167b1694128c1c9a5a5cc319b0e9c3ca0933
  Fabric: f988e33c97f08930a413e08123064d2e5f68d655
  Firebase: 32f9520684e87c7af3f0704f7f88042626d6b536
  FirebaseAnalytics: 83f822fd0d33a46f49f89b8c3ab16ab4d89df08a
  FirebaseCore: 9aca0f1fffb405176ba15311a5621fcde4106fcf
  FirebaseCoreDiagnostics: 13a6564cd6d5375066bbc8940cc1753af24497f3
  FirebaseCoreDiagnosticsInterop: 296e2c5f5314500a850ad0b83e9e7c10b011a850
  FirebaseInstallations: acb3216eb9784d3b1d2d2d635ff74fa892cc0c44
  Google-Maps-iOS-Utils: f5d6ea55799d2ef47c113e1351b48e21cddd593c
  GoogleAppMeasurement: e49be3954045b17d046f271b9cc1ec052bad9702
  GoogleDataTransport: 6ffa4dd0b6d547f8d27b91bd92fa9e197a3f5f1f
  GoogleDataTransportCCTSupport: 2d7e609f8c5af1a33d7d59053e6f8cba59365df5
  GoogleMaps: 7c8d66d70e4e8c300f43a7219d8fdaad7b325a9a
  GoogleUtilities: ad0f3b691c67909d03a3327cc205222ab8f42e0e
  libPhoneNumber-iOS: 0a32a9525cf8744fe02c5206eb30d571e38f7d75
  Magellan: 6eace5668f4b063bd07eefb2f589606cabdfb9dc
  nanopb: 18003b5e52dab79db540fe93fe9579f399bd1ccd
  OHHTTPStubs: cb29d2a9d09a828ecb93349a2b0c64f99e0db89f
  PromisesObjC: c119f3cd559f50b7ae681fa59dc1acd19173b7e6
  RobinHood: 73a108285ad4149c86d12839bbf209a296cfa542
  SoraFoundation: adeb5d9756236db69c76712e0e57df9bcc324c59
  SoraKeystore: 408a26aafda780fc3005b20ab336791832b5419e
  SoraUI: 9bad0ba56d2f3cf67eb812f2d2fc56b8fd0aa39b
  Sourcery: 3ed61be7c8a1218fce349266139379dba477efe0
  SVProgressHUD: 1428aafac632c1f86f62aa4243ec12008d7a51d6
  SwiftGen: f872ca75cbd17bf7103c17f13dcfa0d9a15667b0
  SwiftLint: 7a0227733d786395817373b2d0ca799fd0093ff3

PODFILE CHECKSUM: 1d2d004a226db9fd47d950a07df05739d1ce78d6

COCOAPODS: 1.9.1
